
Microsoft Visual Studio Solution File, Format Version 12.00
# Visual Studio Version 17
VisualStudioVersion = 17.4.33213.308
MinimumVisualStudioVersion = 10.0.40219.1
Project("{FAE04EC0-301F-11D3-BF4B-00C04F79EFBC}") = "02.02.2023 hw", "02.02.2023 hw\02.02.2023 hw.csproj", "{6A4471C1-05CD-4D51-A413-EF31398474CF}"
EndProject
Global
	GlobalSection(SolutionConfigurationPlatforms) = preSolution
		Debug|Any CPU = Debug|Any CPU
		Release|Any CPU = Release|Any CPU
	EndGlobalSection
	GlobalSection(ProjectConfigurationPlatforms) = postSolution
		{6A4471C1-05CD-4D51-A413-EF31398474CF}.Debug|Any CPU.ActiveCfg = Debug|Any CPU
		{6A4471C1-05CD-4D51-A413-EF31398474CF}.Debug|Any CPU.Build.0 = Debug|Any CPU
		{6A4471C1-05CD-4D51-A413-EF31398474CF}.Release|Any CPU.ActiveCfg = Release|Any CPU
		{6A4471C1-05CD-4D51-A413-EF31398474CF}.Release|Any CPU.Build.0 = Release|Any CPU
	EndGlobalSection
	GlobalSection(SolutionProperties) = preSolution
		HideSolutionNode = FALSE
	EndGlobalSection
	GlobalSection(ExtensibilityGlobals) = postSolution
		SolutionGuid = {73465FA0-A79D-41EE-B60B-ECF4286EB30A}
	EndGlobalSection
EndGlobal
